
Microsoft Visual Studio Solution File, Format Version 12.00
# Visual Studio Version 17
VisualStudioVersion = 17.7.34009.444
MinimumVisualStudioVersion = 10.0.40219.1
Project("{FAE04EC0-301F-11D3-BF4B-00C04F79EFBC}") = "WpfApp1", "WpfApp1\WpfApp1.csproj", "{7E84BBFF-7810-4220-A3D2-38DCB3D186EC}"
EndProject
Global
	GlobalSection(SolutionConfigurationPlatforms) = preSolution
		Debug|Any CPU = Debug|Any CPU
		Release|Any CPU = Release|Any CPU
	EndGlobalSection
	GlobalSection(ProjectConfigurationPlatforms) = postSolution
		{7E84BBFF-7810-4220-A3D2-38DCB3D186EC}.Debug|Any CPU.ActiveCfg = Debug|Any CPU
		{7E84BBFF-7810-4220-A3D2-38DCB3D186EC}.Debug|Any CPU.Build.0 = Debug|Any CPU
		{7E84BBFF-7810-4220-A3D2-38DCB3D186EC}.Release|Any CPU.ActiveCfg = Release|Any CPU
		{7E84BBFF-7810-4220-A3D2-38DCB3D186EC}.Release|Any CPU.Build.0 = Release|Any CPU
	EndGlobalSection
	GlobalSection(SolutionProperties) = preSolution
		HideSolutionNode = FALSE
	EndGlobalSection
	GlobalSection(ExtensibilityGlobals) = postSolution
		SolutionGuid = {CE1E5042-20D1-4604-B445-033212EC67A6}
	EndGlobalSection
EndGlobal
